
Microsoft Visual Studio Solution File, Format Version 12.00
# Visual Studio Version 17
VisualStudioVersion = 17.8.34322.80
MinimumVisualStudioVersion = 10.0.40219.1
Project("{FAE04EC0-301F-11D3-BF4B-00C04F79EFBC}") = "RickAndMorty.WebApi", "RickAndMorty.WebApi.csproj", "{A87826B0-C2CB-4260-B843-A793917F597D}"
EndProject
Global
	GlobalSection(SolutionConfigurationPlatforms) = preSolution
		Debug|Any CPU = Debug|Any CPU
		Release|Any CPU = Release|Any CPU
	EndGlobalSection
	GlobalSection(ProjectConfigurationPlatforms) = postSolution
		{A87826B0-C2CB-4260-B843-A793917F597D}.Debug|Any CPU.ActiveCfg = Debug|Any CPU
		{A87826B0-C2CB-4260-B843-A793917F597D}.Debug|Any CPU.Build.0 = Debug|Any CPU
		{A87826B0-C2CB-4260-B843-A793917F597D}.Release|Any CPU.ActiveCfg = Release|Any CPU
		{A87826B0-C2CB-4260-B843-A793917F597D}.Release|Any CPU.Build.0 = Release|Any CPU
	EndGlobalSection
	GlobalSection(SolutionProperties) = preSolution
		HideSolutionNode = FALSE
	EndGlobalSection
	GlobalSection(ExtensibilityGlobals) = postSolution
		SolutionGuid = {92C38EE7-711C-45D3-B97A-0E1A56173730}
	EndGlobalSection
EndGlobal
